
Microsoft Visual Studio Solution File, Format Version 12.00
# Visual Studio Version 16
VisualStudioVersion = 16.0.30114.105
MinimumVisualStudioVersion = 10.0.40219.1
Project("{9A19103F-16F7-4668-BE54-9A1E7A4F7556}") = "24Days.Web", "24Days.Web\24Days.Web.csproj", "{8EEC215F-19F0-456F-88D3-3119944D044C}"
EndProject
Project("{9A19103F-16F7-4668-BE54-9A1E7A4F7556}") = "24Days.Models", "24Days.Models\24Days.Models.csproj", "{AAB70989-822C-4224-A300-FF536900285A}"
EndProject
Project("{9A19103F-16F7-4668-BE54-9A1E7A4F7556}") = "24Days.Core", "24Days.Core\24Days.Core.csproj", "{338EAB1E-82F6-466B-89E8-9525C422454E}"
EndProject
Global
	GlobalSection(SolutionConfigurationPlatforms) = preSolution
		Debug|Any CPU = Debug|Any CPU
		Debug|x64 = Debug|x64
		Debug|x86 = Debug|x86
		Release|Any CPU = Release|Any CPU
		Release|x64 = Release|x64
		Release|x86 = Release|x86
	EndGlobalSection
	GlobalSection(ProjectConfigurationPlatforms) = postSolution
		{8EEC215F-19F0-456F-88D3-3119944D044C}.Debug|Any CPU.ActiveCfg = Debug|Any CPU
		{8EEC215F-19F0-456F-88D3-3119944D044C}.Debug|Any CPU.Build.0 = Debug|Any CPU
		{8EEC215F-19F0-456F-88D3-3119944D044C}.Debug|x64.ActiveCfg = Debug|Any CPU
		{8EEC215F-19F0-456F-88D3-3119944D044C}.Debug|x64.Build.0 = Debug|Any CPU
		{8EEC215F-19F0-456F-88D3-3119944D044C}.Debug|x86.ActiveCfg = Debug|Any CPU
		{8EEC215F-19F0-456F-88D3-3119944D044C}.Debug|x86.Build.0 = Debug|Any CPU
		{8EEC215F-19F0-456F-88D3-3119944D044C}.Release|Any CPU.ActiveCfg = Release|Any CPU
		{8EEC215F-19F0-456F-88D3-3119944D044C}.Release|Any CPU.Build.0 = Release|Any CPU
		{8EEC215F-19F0-456F-88D3-3119944D044C}.Release|x64.ActiveCfg = Release|Any CPU
		{8EEC215F-19F0-456F-88D3-3119944D044C}.Release|x64.Build.0 = Release|Any CPU
		{8EEC215F-19F0-456F-88D3-3119944D044C}.Release|x86.ActiveCfg = Release|Any CPU
		{8EEC215F-19F0-456F-88D3-3119944D044C}.Release|x86.Build.0 = Release|Any CPU
		{AAB70989-822C-4224-A300-FF536900285A}.Debug|Any CPU.ActiveCfg = Debug|Any CPU
		{AAB70989-822C-4224-A300-FF536900285A}.Debug|Any CPU.Build.0 = Debug|Any CPU
		{AAB70989-822C-4224-A300-FF536900285A}.Debug|x64.ActiveCfg = Debug|Any CPU
		{AAB70989-822C-4224-A300-FF536900285A}.Debug|x64.Build.0 = Debug|Any CPU
		{AAB70989-822C-4224-A300-FF536900285A}.Debug|x86.ActiveCfg = Debug|Any CPU
		{AAB70989-822C-4224-A300-FF536900285A}.Debug|x86.Build.0 = Debug|Any CPU
		{AAB70989-822C-4224-A300-FF536900285A}.Release|Any CPU.ActiveCfg = Release|Any CPU
		{AAB70989-822C-4224-A300-FF536900285A}.Release|Any CPU.Build.0 = Release|Any CPU
		{AAB70989-822C-4224-A300-FF536900285A}.Release|x64.ActiveCfg = Release|Any CPU
		{AAB70989-822C-4224-A300-FF536900285A}.Release|x64.Build.0 = Release|Any CPU
		{AAB70989-822C-4224-A300-FF536900285A}.Release|x86.ActiveCfg = Release|Any CPU
		{AAB70989-822C-4224-A300-FF536900285A}.Release|x86.Build.0 = Release|Any CPU
		{338EAB1E-82F6-466B-89E8-9525C422454E}.Debug|Any CPU.ActiveCfg = Debug|Any CPU
		{338EAB1E-82F6-466B-89E8-9525C422454E}.Debug|Any CPU.Build.0 = Debug|Any CPU
		{338EAB1E-82F6-466B-89E8-9525C422454E}.Debug|x64.ActiveCfg = Debug|Any CPU
		{338EAB1E-82F6-466B-89E8-9525C422454E}.Debug|x64.Build.0 = Debug|Any CPU
		{338EAB1E-82F6-466B-89E8-9525C422454E}.Debug|x86.ActiveCfg = Debug|Any CPU
		{338EAB1E-82F6-466B-89E8-9525C422454E}.Debug|x86.Build.0 = Debug|Any CPU
		{338EAB1E-82F6-466B-89E8-9525C422454E}.Release|Any CPU.ActiveCfg = Release|Any CPU
		{338EAB1E-82F6-466B-89E8-9525C422454E}.Release|Any CPU.Build.0 = Release|Any CPU
		{338EAB1E-82F6-466B-89E8-9525C422454E}.Release|x64.ActiveCfg = Release|Any CPU
		{338EAB1E-82F6-466B-89E8-9525C422454E}.Release|x64.Build.0 = Release|Any CPU
		{338EAB1E-82F6-466B-89E8-9525C422454E}.Release|x86.ActiveCfg = Release|Any CPU
		{338EAB1E-82F6-466B-89E8-9525C422454E}.Release|x86.Build.0 = Release|Any CPU
	EndGlobalSection
	GlobalSection(SolutionProperties) = preSolution
		HideSolutionNode = FALSE
	EndGlobalSection
	GlobalSection(ExtensibilityGlobals) = postSolution
		SolutionGuid = {3AF55768-C36E-4D7B-B75D-3011AAA354A5}
	EndGlobalSection
EndGlobal
